<?xml version="1.0" encoding="utf-8"?>
<Project ToolsVersion="4.0" xmlns="http://schemas.microsoft.com/developer/msbuild/2003">
  <ItemGroup>
    <ClCompile Include="BackGround.cpp" />
    <ClCompile Include="Game.cpp" />
    <ClCompile Include="GameCamera.cpp" />
    <ClCompile Include="GameClear.cpp" />
    <ClCompile Include="GameOver.cpp" />
    <ClCompile Include="GameUI.cpp" />
    <ClCompile Include="main.cpp" />
    <ClCompile Include="Player.cpp" />
    <ClCompile Include="Score.cpp" />
    <ClCompile Include="stdafx.cpp" />
    <ClCompile Include="system\system.cpp" />
    <ClCompile Include="Title.cpp" />
    <ClCompile Include="DebugFont.cpp" />
    <ClCompile Include="GameSelect.cpp" />
    <ClCompile Include="WindZone.cpp" />
    <ClCompile Include="Orange.cpp" />
    <ClCompile Include="Track.cpp" />
    <ClCompile Include="Cone.cpp" />
    <ClCompile Include="Fish.cpp" />
  </ItemGroup>
  <ItemGroup>
    <ClInclude Include="BackGround.h" />
    <ClInclude Include="Game.h" />
    <ClInclude Include="GameCamera.h" />
    <ClInclude Include="GameClear.h" />
    <ClInclude Include="GameOver.h" />
    <ClInclude Include="GameUI.h" />
    <ClInclude Include="Player.h" />
    <ClInclude Include="Score.h" />
    <ClInclude Include="stdafx.h" />
    <ClInclude Include="system\system.h" />
    <ClInclude Include="Title.h" />
    <ClInclude Include="DebugFont.h" />
    <ClInclude Include="GameSelect.h" />
    <ClInclude Include="WindZone.h" />
    <ClInclude Include="Orange.h" />
    <ClInclude Include="Track.h" />
    <ClInclude Include="Cone.h" />
    <ClInclude Include="Fish.h" />
  </ItemGroup>
</Project>